
Microsoft Visual Studio Solution File, Format Version 12.00
# Visual Studio Version 17
VisualStudioVersion = 17.0.31903.59
MinimumVisualStudioVersion = 10.0.40219.1
Project("{FAE04EC0-301F-11D3-BF4B-00C04F79EFBC}") = "BSC.Fhir.Mapping", "BSC.Fhir.Mapping\BSC.Fhir.Mapping.csproj", "{C038721B-6905-4006-9802-B0A3BFC55282}"
EndProject
Project("{FAE04EC0-301F-11D3-BF4B-00C04F79EFBC}") = "BSC.Fhir.Mapping.Tests", "BSC.Fhir.Mapping.Tests\BSC.Fhir.Mapping.Tests.csproj", "{69DA9870-73EF-4CD0-B615-9345CAE0D7D5}"
EndProject
Global
	GlobalSection(SolutionConfigurationPlatforms) = preSolution
		Debug|Any CPU = Debug|Any CPU
		Release|Any CPU = Release|Any CPU
	EndGlobalSection
	GlobalSection(SolutionProperties) = preSolution
		HideSolutionNode = FALSE
	EndGlobalSection
	GlobalSection(ProjectConfigurationPlatforms) = postSolution
		{C038721B-6905-4006-9802-B0A3BFC55282}.Debug|Any CPU.ActiveCfg = Debug|Any CPU
		{C038721B-6905-4006-9802-B0A3BFC55282}.Debug|Any CPU.Build.0 = Debug|Any CPU
		{C038721B-6905-4006-9802-B0A3BFC55282}.Release|Any CPU.ActiveCfg = Release|Any CPU
		{C038721B-6905-4006-9802-B0A3BFC55282}.Release|Any CPU.Build.0 = Release|Any CPU
		{69DA9870-73EF-4CD0-B615-9345CAE0D7D5}.Debug|Any CPU.ActiveCfg = Debug|Any CPU
		{69DA9870-73EF-4CD0-B615-9345CAE0D7D5}.Debug|Any CPU.Build.0 = Debug|Any CPU
		{69DA9870-73EF-4CD0-B615-9345CAE0D7D5}.Release|Any CPU.ActiveCfg = Release|Any CPU
		{69DA9870-73EF-4CD0-B615-9345CAE0D7D5}.Release|Any CPU.Build.0 = Release|Any CPU
	EndGlobalSection
EndGlobal
